
Microsoft Visual Studio Solution File, Format Version 12.00
# Visual Studio Version 17
VisualStudioVersion = 17.2.32616.157
MinimumVisualStudioVersion = 10.0.40219.1
Project("{FAE04EC0-301F-11D3-BF4B-00C04F79EFBC}") = "PaloBackupAgent", "PaloBackupAgent\PaloBackupAgent.csproj", "{F269E003-0853-427F-8747-273D09746366}"
EndProject
Project("{FAE04EC0-301F-11D3-BF4B-00C04F79EFBC}") = "PaloPHashGenerator", "PaloPHashGenerator\PaloPHashGenerator.csproj", "{3CEB7050-F0C6-4037-A463-3804586F05B9}"
EndProject
Global
	GlobalSection(SolutionConfigurationPlatforms) = preSolution
		Debug|Any CPU = Debug|Any CPU
		Release|Any CPU = Release|Any CPU
	EndGlobalSection
	GlobalSection(ProjectConfigurationPlatforms) = postSolution
		{F269E003-0853-427F-8747-273D09746366}.Debug|Any CPU.ActiveCfg = Debug|Any CPU
		{F269E003-0853-427F-8747-273D09746366}.Debug|Any CPU.Build.0 = Debug|Any CPU
		{F269E003-0853-427F-8747-273D09746366}.Release|Any CPU.ActiveCfg = Release|Any CPU
		{F269E003-0853-427F-8747-273D09746366}.Release|Any CPU.Build.0 = Release|Any CPU
		{3CEB7050-F0C6-4037-A463-3804586F05B9}.Debug|Any CPU.ActiveCfg = Debug|Any CPU
		{3CEB7050-F0C6-4037-A463-3804586F05B9}.Debug|Any CPU.Build.0 = Debug|Any CPU
		{3CEB7050-F0C6-4037-A463-3804586F05B9}.Release|Any CPU.ActiveCfg = Release|Any CPU
		{3CEB7050-F0C6-4037-A463-3804586F05B9}.Release|Any CPU.Build.0 = Release|Any CPU
	EndGlobalSection
	GlobalSection(SolutionProperties) = preSolution
		HideSolutionNode = FALSE
	EndGlobalSection
	GlobalSection(ExtensibilityGlobals) = postSolution
		SolutionGuid = {E87FE3EB-1965-42A7-ACCE-31C6CAE03045}
	EndGlobalSection
EndGlobal
